
Microsoft Visual Studio Solution File, Format Version 11.00
# Visual Studio 2010
Project("{8BC9CEB8-8B4A-11D0-8D11-00A0C91BC942}") = "glcore", "glcore\glcore.vcxproj", "{AC6489F8-95D4-431D-9AC6-6FDD71A0DC29}"
EndProject
Project("{8BC9CEB8-8B4A-11D0-8D11-00A0C91BC942}") = "glcontext", "glcontext\glcontext.vcxproj", "{A39A9666-9561-42F0-BA11-F7B199C633E4}"
EndProject
Project("{8BC9CEB8-8B4A-11D0-8D11-00A0C91BC942}") = "opengl32", "opengl32\opengl32.vcxproj", "{3C3932BD-5FCE-4B69-AA30-F0F2A4BF073D}"
	ProjectSection(ProjectDependencies) = postProject
		{A39A9666-9561-42F0-BA11-F7B199C633E4} = {A39A9666-9561-42F0-BA11-F7B199C633E4}
		{AC6489F8-95D4-431D-9AC6-6FDD71A0DC29} = {AC6489F8-95D4-431D-9AC6-6FDD71A0DC29}
	EndProjectSection
EndProject
Global
	GlobalSection(SolutionConfigurationPlatforms) = preSolution
		Debug|Win32 = Debug|Win32
		Release|Win32 = Release|Win32
	EndGlobalSection
	GlobalSection(ProjectConfigurationPlatforms) = postSolution
		{AC6489F8-95D4-431D-9AC6-6FDD71A0DC29}.Debug|Win32.ActiveCfg = Debug|Win32
		{AC6489F8-95D4-431D-9AC6-6FDD71A0DC29}.Debug|Win32.Build.0 = Debug|Win32
		{AC6489F8-95D4-431D-9AC6-6FDD71A0DC29}.Release|Win32.ActiveCfg = Release|Win32
		{AC6489F8-95D4-431D-9AC6-6FDD71A0DC29}.Release|Win32.Build.0 = Release|Win32
		{A39A9666-9561-42F0-BA11-F7B199C633E4}.Debug|Win32.ActiveCfg = Debug|Win32
		{A39A9666-9561-42F0-BA11-F7B199C633E4}.Debug|Win32.Build.0 = Debug|Win32
		{A39A9666-9561-42F0-BA11-F7B199C633E4}.Release|Win32.ActiveCfg = Release|Win32
		{A39A9666-9561-42F0-BA11-F7B199C633E4}.Release|Win32.Build.0 = Release|Win32
		{3C3932BD-5FCE-4B69-AA30-F0F2A4BF073D}.Debug|Win32.ActiveCfg = Debug|Win32
		{3C3932BD-5FCE-4B69-AA30-F0F2A4BF073D}.Debug|Win32.Build.0 = Debug|Win32
		{3C3932BD-5FCE-4B69-AA30-F0F2A4BF073D}.Release|Win32.ActiveCfg = Release|Win32
		{3C3932BD-5FCE-4B69-AA30-F0F2A4BF073D}.Release|Win32.Build.0 = Release|Win32
	EndGlobalSection
	GlobalSection(SolutionProperties) = preSolution
		HideSolutionNode = FALSE
	EndGlobalSection
EndGlobal
