<?xml version="1.0" encoding="utf-8"?>
<Project ToolsVersion="4.0" xmlns="http://schemas.microsoft.com/developer/msbuild/2003">
  <ItemGroup>
    <Filter Include="Source Files">
      <UniqueIdentifier>{ca02b2e1-1a30-4a81-b66b-c66ca5951e8b}</UniqueIdentifier>
    </Filter>
  </ItemGroup>
  <ItemGroup>
    <ClCompile Include="..\..\glcore\assemble.c">
      <Filter>Source Files</Filter>
    </ClCompile>
    <ClCompile Include="..\..\glcore\clip.c">
      <Filter>Source Files</Filter>
    </ClCompile>
    <ClCompile Include="..\..\glcore\cull.c">
      <Filter>Source Files</Filter>
    </ClCompile>
    <ClCompile Include="..\..\glcore\fragment.c">
      <Filter>Source Files</Filter>
    </ClCompile>
    <ClCompile Include="..\..\glcore\glcore.c">
      <Filter>Source Files</Filter>
    </ClCompile>
    <ClCompile Include="..\..\glcore\project.c">
      <Filter>Source Files</Filter>
    </ClCompile>
    <ClCompile Include="..\..\glcore\rasterize.c">
      <Filter>Source Files</Filter>
    </ClCompile>
    <ClCompile Include="..\..\glcore\render.c">
      <Filter>Source Files</Filter>
    </ClCompile>
    <ClCompile Include="..\..\glcore\transform.c">
      <Filter>Source Files</Filter>
    </ClCompile>
    <ClCompile Include="..\..\glcore\util.c">
      <Filter>Source Files</Filter>
    </ClCompile>
    <ClCompile Include="..\..\glcore\vec.c">
      <Filter>Source Files</Filter>
    </ClCompile>
  </ItemGroup>
  <ItemGroup>
    <ClInclude Include="..\..\glcore\assemble.h">
      <Filter>Source Files</Filter>
    </ClInclude>
    <ClInclude Include="..\..\glcore\clip.h">
      <Filter>Source Files</Filter>
    </ClInclude>
    <ClInclude Include="..\..\glcore\cull.h">
      <Filter>Source Files</Filter>
    </ClInclude>
    <ClInclude Include="..\..\glcore\fragment.h">
      <Filter>Source Files</Filter>
    </ClInclude>
    <ClInclude Include="..\..\glcore\glcore.h">
      <Filter>Source Files</Filter>
    </ClInclude>
    <ClInclude Include="..\..\glcore\glcoretypes.h">
      <Filter>Source Files</Filter>
    </ClInclude>
    <ClInclude Include="..\..\glcore\project.h">
      <Filter>Source Files</Filter>
    </ClInclude>
    <ClInclude Include="..\..\glcore\rasterize.h">
      <Filter>Source Files</Filter>
    </ClInclude>
    <ClInclude Include="..\..\glcore\render.h">
      <Filter>Source Files</Filter>
    </ClInclude>
    <ClInclude Include="..\..\glcore\transform.h">
      <Filter>Source Files</Filter>
    </ClInclude>
    <ClInclude Include="..\..\glcore\util.h">
      <Filter>Source Files</Filter>
    </ClInclude>
    <ClInclude Include="..\..\glcore\vec.h">
      <Filter>Source Files</Filter>
    </ClInclude>
  </ItemGroup>
</Project>