<?xml version="1.0" encoding="utf-8"?>
<Project ToolsVersion="4.0" xmlns="http://schemas.microsoft.com/developer/msbuild/2003">
  <ItemGroup>
    <Filter Include="Source Files">
      <UniqueIdentifier>{4FC737F1-C7A5-4376-A066-2A32D752A2FF}</UniqueIdentifier>
      <Extensions>cpp;c;cc;cxx;def;odl;idl;hpj;bat;asm;asmx</Extensions>
    </Filter>
    <Filter Include="Generated Source Files">
      <UniqueIdentifier>{93995380-89BD-4b04-88EB-625FBE52EBFB}</UniqueIdentifier>
      <Extensions>h;hpp;hxx;hm;inl;inc;xsd</Extensions>
    </Filter>
    <Filter Include="Script Files">
      <UniqueIdentifier>{67DA6AB6-F800-4c08-8B7A-83BB121AAD01}</UniqueIdentifier>
      <Extensions>rc;ico;cur;bmp;dlg;rc2;rct;bin;rgs;gif;jpg;jpeg;jpe;resx;tiff;tif;png;wav;mfcribbon-ms</Extensions>
    </Filter>
  </ItemGroup>
  <ItemGroup>
    <ClInclude Include="..\..\glcontext\glbase.h">
      <Filter>Source Files</Filter>
    </ClInclude>
    <ClInclude Include="..\..\glcontext\glbuffer.h">
      <Filter>Source Files</Filter>
    </ClInclude>
    <ClInclude Include="..\..\glcontext\glclient.h">
      <Filter>Source Files</Filter>
    </ClInclude>
    <ClInclude Include="..\..\glcontext\glconfig.h">
      <Filter>Source Files</Filter>
    </ClInclude>
    <ClInclude Include="..\..\glcontext\glcontext.h">
      <Filter>Source Files</Filter>
    </ClInclude>
    <ClInclude Include="..\..\glcontext\glcurrent.h">
      <Filter>Source Files</Filter>
    </ClInclude>
    <ClInclude Include="..\..\glcontext\glenable.h">
      <Filter>Source Files</Filter>
    </ClInclude>
    <ClInclude Include="..\..\glcontext\glerror.h">
      <Filter>Source Files</Filter>
    </ClInclude>
    <ClInclude Include="..\..\glcontext\gleval.h">
      <Filter>Source Files</Filter>
    </ClInclude>
    <ClInclude Include="..\..\glcontext\glfog.h">
      <Filter>Source Files</Filter>
    </ClInclude>
    <ClInclude Include="..\..\glcontext\glget.h">
      <Filter>Source Files</Filter>
    </ClInclude>
    <ClInclude Include="..\..\glcontext\glhint.h">
      <Filter>Source Files</Filter>
    </ClInclude>
    <ClInclude Include="..\..\glcontext\glimaging.h">
      <Filter>Source Files</Filter>
    </ClInclude>
    <ClInclude Include="..\..\glcontext\gllighting.h">
      <Filter>Source Files</Filter>
    </ClInclude>
    <ClInclude Include="..\..\glcontext\glline.h">
      <Filter>Source Files</Filter>
    </ClInclude>
    <ClInclude Include="..\..\glcontext\gllists.h">
      <Filter>Source Files</Filter>
    </ClInclude>
    <ClInclude Include="..\..\glcontext\glmystate.h">
      <Filter>Source Files</Filter>
    </ClInclude>
    <ClInclude Include="..\..\glcontext\glpixel.h">
      <Filter>Source Files</Filter>
    </ClInclude>
    <ClInclude Include="..\..\glcontext\glpolygon.h">
      <Filter>Source Files</Filter>
    </ClInclude>
    <ClInclude Include="..\..\glcontext\glselection.h">
      <Filter>Source Files</Filter>
    </ClInclude>
    <ClInclude Include="..\..\glcontext\glstencil.h">
      <Filter>Source Files</Filter>
    </ClInclude>
    <ClInclude Include="..\..\glcontext\gltexture.h">
      <Filter>Source Files</Filter>
    </ClInclude>
    <ClInclude Include="..\..\glcontext\gltrans.h">
      <Filter>Source Files</Filter>
    </ClInclude>
    <ClInclude Include="..\..\glcontext\gltypes.h">
      <Filter>Source Files</Filter>
    </ClInclude>
    <ClInclude Include="..\..\glcontext\glviewport.h">
      <Filter>Source Files</Filter>
    </ClInclude>
  </ItemGroup>
  <ItemGroup>
    <ClCompile Include="..\..\glcontext\glbuffer.c">
      <Filter>Source Files</Filter>
    </ClCompile>
    <ClCompile Include="..\..\glcontext\glclient.c">
      <Filter>Source Files</Filter>
    </ClCompile>
    <ClCompile Include="..\..\glcontext\glconfig.c">
      <Filter>Source Files</Filter>
    </ClCompile>
    <ClCompile Include="..\..\glcontext\glcontext.c">
      <Filter>Source Files</Filter>
    </ClCompile>
    <ClCompile Include="..\..\glcontext\glcurrent.c">
      <Filter>Source Files</Filter>
    </ClCompile>
    <ClCompile Include="..\..\glcontext\glenable.c">
      <Filter>Source Files</Filter>
    </ClCompile>
    <ClCompile Include="..\..\glcontext\glerror.c">
      <Filter>Source Files</Filter>
    </ClCompile>
    <ClCompile Include="..\..\glcontext\gleval.c">
      <Filter>Source Files</Filter>
    </ClCompile>
    <ClCompile Include="..\..\glcontext\glfog.c">
      <Filter>Source Files</Filter>
    </ClCompile>
    <ClCompile Include="..\..\glcontext\glhint.c">
      <Filter>Source Files</Filter>
    </ClCompile>
    <ClCompile Include="..\..\glcontext\glimaging.c">
      <Filter>Source Files</Filter>
    </ClCompile>
    <ClCompile Include="..\..\glcontext\gllighting.c">
      <Filter>Source Files</Filter>
    </ClCompile>
    <ClCompile Include="..\..\glcontext\glline.c">
      <Filter>Source Files</Filter>
    </ClCompile>
    <ClCompile Include="..\..\glcontext\gllists.c">
      <Filter>Source Files</Filter>
    </ClCompile>
    <ClCompile Include="..\..\glcontext\glmisc.c">
      <Filter>Source Files</Filter>
    </ClCompile>
    <ClCompile Include="..\..\glcontext\glmystate.c">
      <Filter>Source Files</Filter>
    </ClCompile>
    <ClCompile Include="..\..\glcontext\glpixel.c">
      <Filter>Source Files</Filter>
    </ClCompile>
    <ClCompile Include="..\..\glcontext\glpolygon.c">
      <Filter>Source Files</Filter>
    </ClCompile>
    <ClCompile Include="..\..\glcontext\glrasterpos.c">
      <Filter>Source Files</Filter>
    </ClCompile>
    <ClCompile Include="..\..\glcontext\glrect.c">
      <Filter>Source Files</Filter>
    </ClCompile>
    <ClCompile Include="..\..\glcontext\glselection.c">
      <Filter>Source Files</Filter>
    </ClCompile>
    <ClCompile Include="..\..\glcontext\glstencil.c">
      <Filter>Source Files</Filter>
    </ClCompile>
    <ClCompile Include="..\..\glcontext\gltexture.c">
      <Filter>Source Files</Filter>
    </ClCompile>
    <ClCompile Include="..\..\glcontext\gltrans.c">
      <Filter>Source Files</Filter>
    </ClCompile>
    <ClCompile Include="..\..\glcontext\glviewport.c">
      <Filter>Source Files</Filter>
    </ClCompile>
    <ClCompile Include="..\..\glcontext\glcurrent_gen.c">
      <Filter>Generated Source Files</Filter>
    </ClCompile>
    <ClCompile Include="..\..\glcontext\glget.c">
      <Filter>Generated Source Files</Filter>
    </ClCompile>
    <ClCompile Include="..\..\glcontext\glisenabled.c">
      <Filter>Generated Source Files</Filter>
    </ClCompile>
  </ItemGroup>
  <ItemGroup>
    <None Include="..\..\glcontext\glapi.txt">
      <Filter>Script Files</Filter>
    </None>
    <None Include="..\..\glcontext\glcurrent.pl">
      <Filter>Script Files</Filter>
    </None>
    <None Include="..\..\glcontext\glcurrent_types.pl">
      <Filter>Script Files</Filter>
    </None>
    <None Include="..\..\glcontext\glget.pl">
      <Filter>Script Files</Filter>
    </None>
    <None Include="..\..\glcontext\glget.txt">
      <Filter>Script Files</Filter>
    </None>
    <None Include="..\..\glcontext\glisenabled.pl">
      <Filter>Script Files</Filter>
    </None>
    <None Include="..\..\glcontext\glisenabled.txt">
      <Filter>Script Files</Filter>
    </None>
  </ItemGroup>
</Project>