<?xml version="1.0" encoding="utf-8"?>
<Project ToolsVersion="4.0" xmlns="http://schemas.microsoft.com/developer/msbuild/2003">
  <ItemGroup>
    <Filter Include="Source Files">
      <UniqueIdentifier>{4FC737F1-C7A5-4376-A066-2A32D752A2FF}</UniqueIdentifier>
      <Extensions>cpp;c;cc;cxx;def;odl;idl;hpj;bat;asm;asmx</Extensions>
    </Filter>
    <Filter Include="Generated Source Files">
      <UniqueIdentifier>{93995380-89BD-4b04-88EB-625FBE52EBFB}</UniqueIdentifier>
      <Extensions>h;hpp;hxx;hm;inl;inc;xsd</Extensions>
    </Filter>
    <Filter Include="Script Files">
      <UniqueIdentifier>{67DA6AB6-F800-4c08-8B7A-83BB121AAD01}</UniqueIdentifier>
      <Extensions>rc;ico;cur;bmp;dlg;rc2;rct;bin;rgs;gif;jpg;jpeg;jpe;resx;tiff;tif;png;wav;mfcribbon-ms</Extensions>
    </Filter>
  </ItemGroup>
  <ItemGroup>
    <ClCompile Include="..\..\gl\exports_win32.c">
      <Filter>Source Files</Filter>
    </ClCompile>
    <ClCompile Include="..\..\gl\funcapi.c">
      <Filter>Source Files</Filter>
    </ClCompile>
    <ClCompile Include="..\..\gl\init.c">
      <Filter>Source Files</Filter>
    </ClCompile>
    <ClCompile Include="..\..\gl\misc.c">
      <Filter>Source Files</Filter>
    </ClCompile>
    <ClCompile Include="..\..\gl\myfunc.c">
      <Filter>Source Files</Filter>
    </ClCompile>
    <ClCompile Include="..\..\gl\rect.c">
      <Filter>Source Files</Filter>
    </ClCompile>
    <ClCompile Include="..\..\gl\unimplemented.c">
      <Filter>Source Files</Filter>
    </ClCompile>
    <ClCompile Include="..\..\gl\vertex.c">
      <Filter>Source Files</Filter>
    </ClCompile>
    <ClCompile Include="..\..\gl\wgl.c">
      <Filter>Source Files</Filter>
    </ClCompile>
  </ItemGroup>
  <ItemGroup>
    <ClInclude Include="..\..\gl\funcptrs.h">
      <Filter>Source Files</Filter>
    </ClInclude>
    <ClInclude Include="..\..\gl\gllocal.h">
      <Filter>Source Files</Filter>
    </ClInclude>
  </ItemGroup>
  <ItemGroup>
    <None Include="..\..\gl\defs.pl">
      <Filter>Script Files</Filter>
    </None>
    <None Include="..\..\gl\exports.pl">
      <Filter>Script Files</Filter>
    </None>
    <None Include="..\..\gl\exports_linux.pl">
      <Filter>Script Files</Filter>
    </None>
    <None Include="..\..\gl\funcapi.pl">
      <Filter>Script Files</Filter>
    </None>
    <None Include="..\..\gl\funcptrs_h.pl">
      <Filter>Script Files</Filter>
    </None>
    <None Include="..\..\gl\localfuncs.txt">
      <Filter>Script Files</Filter>
    </None>
    <None Include="..\..\gl\openglapi.txt">
      <Filter>Script Files</Filter>
    </None>
    <None Include="..\..\gl\opengl32.def">
      <Filter>Source Files</Filter>
    </None>
  </ItemGroup>
</Project>